
Microsoft Visual Studio Solution File, Format Version 12.00
# Visual Studio Version 17
VisualStudioVersion = 17.14.36616.10
MinimumVisualStudioVersion = 10.0.40219.1
Project("{8BC9CEB8-8B4A-11D0-8D11-00A0C91BC942}") = "matter_1", "matter_1\matter_1.vcxproj", "{9E4596F2-DF5F-4562-9437-1DAB162FDFE5}"
EndProject
Project("{8BC9CEB8-8B4A-11D0-8D11-00A0C91BC942}") = "matter_2", "matter_2\matter_2.vcxproj", "{86B6735A-21EE-463E-9AF1-722D9FC654B0}"
EndProject
Project("{8BC9CEB8-8B4A-11D0-8D11-00A0C91BC942}") = "matter_3", "matter_3\matter_3.vcxproj", "{6146D9AF-099F-42C6-B00B-6F9BE1BE6CDB}"
EndProject
Project("{8BC9CEB8-8B4A-11D0-8D11-00A0C91BC942}") = "matter_4", "matter_4\matter_4.vcxproj", "{A9EC1647-9C96-47C1-9A53-493763D2B31C}"
EndProject
Project("{8BC9CEB8-8B4A-11D0-8D11-00A0C91BC942}") = "matter_5", "matter_5\matter_5.vcxproj", "{7054585A-78F3-49F7-9F02-C504C20E3A53}"
EndProject
Project("{8BC9CEB8-8B4A-11D0-8D11-00A0C91BC942}") = "matter_6", "matter_6\matter_6.vcxproj", "{C85B4942-B42F-4F65-97C6-16DEE5961B9D}"
EndProject
Project("{8BC9CEB8-8B4A-11D0-8D11-00A0C91BC942}") = "matter_7", "matter_7\matter_7.vcxproj", "{524F876E-D881-4852-A59B-081E99EEC36B}"
EndProject
Project("{8BC9CEB8-8B4A-11D0-8D11-00A0C91BC942}") = "matter_8", "matter_8\matter_8.vcxproj", "{993049B1-8A6A-4924-A95F-E747EB90EF4E}"
EndProject
Project("{8BC9CEB8-8B4A-11D0-8D11-00A0C91BC942}") = "matter_9", "matter_9\matter_9.vcxproj", "{7F28C38E-C5A8-412A-B3EF-F7FD6A959925}"
EndProject
Project("{8BC9CEB8-8B4A-11D0-8D11-00A0C91BC942}") = "matter_10", "matter_10\matter_10.vcxproj", "{A4868749-8BA6-4391-8BEB-EBC8E2020FF6}"
EndProject
Project("{8BC9CEB8-8B4A-11D0-8D11-00A0C91BC942}") = "matter_11", "matter_11\matter_11.vcxproj", "{A8C613B6-DB25-4AA9-91AD-199C35C5D22A}"
EndProject
Project("{8BC9CEB8-8B4A-11D0-8D11-00A0C91BC942}") = "matter_12", "matter_12\matter_12.vcxproj", "{96E35913-268E-4991-970C-D39761440B58}"
EndProject
Project("{8BC9CEB8-8B4A-11D0-8D11-00A0C91BC942}") = "matter_13", "matter_13\matter_13.vcxproj", "{38E31F86-956C-4C07-8EFA-F16D294C8253}"
EndProject
Project("{8BC9CEB8-8B4A-11D0-8D11-00A0C91BC942}") = "matter_14", "matter_14\matter_14.vcxproj", "{3F26FB12-5D5D-4EEF-B133-0B3AF2202C97}"
EndProject
Project("{8BC9CEB8-8B4A-11D0-8D11-00A0C91BC942}") = "matter_15", "matter_15\matter_15.vcxproj", "{54EDBC11-23C4-443F-85A3-66C9D843E909}"
EndProject
Project("{8BC9CEB8-8B4A-11D0-8D11-00A0C91BC942}") = "matter_16", "matter_16\matter_16.vcxproj", "{103FD54C-2ABA-4039-BFFC-914B45DBA9F0}"
EndProject
Project("{8BC9CEB8-8B4A-11D0-8D11-00A0C91BC942}") = "matter_17", "matter_17\matter_17.vcxproj", "{6F894A75-B216-44A0-80B8-69651DAA2604}"
EndProject
Project("{8BC9CEB8-8B4A-11D0-8D11-00A0C91BC942}") = "matter_18", "matter_18\matter_18.vcxproj", "{753AD29E-11A2-472B-B0F9-DFD4EEDAFBC0}"
EndProject
Project("{8BC9CEB8-8B4A-11D0-8D11-00A0C91BC942}") = "matter_19", "matter_19\matter_19.vcxproj", "{6FEC81B5-687B-461C-AD9E-4C5454CA7958}"
EndProject
Project("{8BC9CEB8-8B4A-11D0-8D11-00A0C91BC942}") = "matter_20", "matter_20\matter_20.vcxproj", "{A2D97EA2-6EA5-41FE-A0C3-F2779B2D5E9D}"
EndProject
Project("{8BC9CEB8-8B4A-11D0-8D11-00A0C91BC942}") = "matter_21", "matter_21\matter_21.vcxproj", "{BEC482A2-805D-4FA1-82C3-A975B4A1711B}"
EndProject
Project("{8BC9CEB8-8B4A-11D0-8D11-00A0C91BC942}") = "matter_22", "matter_22\matter_22.vcxproj", "{8B1E48BF-719D-4348-845A-EBD2C8D6C7A6}"
EndProject
Project("{8BC9CEB8-8B4A-11D0-8D11-00A0C91BC942}") = "matter_23", "matter_23\matter_23.vcxproj", "{8F6B3E08-91EE-493F-AAB5-6C97AD650346}"
EndProject
Project("{8BC9CEB8-8B4A-11D0-8D11-00A0C91BC942}") = "matter_24", "matter_24\matter_24.vcxproj", "{73AA30DA-0843-4A89-B42A-914F09E4C5B8}"
EndProject
Project("{8BC9CEB8-8B4A-11D0-8D11-00A0C91BC942}") = "matter_25", "matter_25\matter_25.vcxproj", "{85EBED6A-2CE3-42E8-AFE6-B891511A8331}"
EndProject
Project("{8BC9CEB8-8B4A-11D0-8D11-00A0C91BC942}") = "matter_26", "matter_26\matter_26.vcxproj", "{618A823B-20F7-49EB-B2CD-759456399638}"
EndProject
Global
	GlobalSection(SolutionConfigurationPlatforms) = preSolution
		Debug|x64 = Debug|x64
		Debug|x86 = Debug|x86
		Release|x64 = Release|x64
		Release|x86 = Release|x86
	EndGlobalSection
	GlobalSection(ProjectConfigurationPlatforms) = postSolution
		{9E4596F2-DF5F-4562-9437-1DAB162FDFE5}.Debug|x64.ActiveCfg = Debug|x64
		{9E4596F2-DF5F-4562-9437-1DAB162FDFE5}.Debug|x64.Build.0 = Debug|x64
		{9E4596F2-DF5F-4562-9437-1DAB162FDFE5}.Debug|x86.ActiveCfg = Debug|Win32
		{9E4596F2-DF5F-4562-9437-1DAB162FDFE5}.Debug|x86.Build.0 = Debug|Win32
		{9E4596F2-DF5F-4562-9437-1DAB162FDFE5}.Release|x64.ActiveCfg = Release|x64
		{9E4596F2-DF5F-4562-9437-1DAB162FDFE5}.Release|x64.Build.0 = Release|x64
		{9E4596F2-DF5F-4562-9437-1DAB162FDFE5}.Release|x86.ActiveCfg = Release|Win32
		{9E4596F2-DF5F-4562-9437-1DAB162FDFE5}.Release|x86.Build.0 = Release|Win32
		{86B6735A-21EE-463E-9AF1-722D9FC654B0}.Debug|x64.ActiveCfg = Debug|x64
		{86B6735A-21EE-463E-9AF1-722D9FC654B0}.Debug|x64.Build.0 = Debug|x64
		{86B6735A-21EE-463E-9AF1-722D9FC654B0}.Debug|x86.ActiveCfg = Debug|Win32
		{86B6735A-21EE-463E-9AF1-722D9FC654B0}.Debug|x86.Build.0 = Debug|Win32
		{86B6735A-21EE-463E-9AF1-722D9FC654B0}.Release|x64.ActiveCfg = Release|x64
		{86B6735A-21EE-463E-9AF1-722D9FC654B0}.Release|x64.Build.0 = Release|x64
		{86B6735A-21EE-463E-9AF1-722D9FC654B0}.Release|x86.ActiveCfg = Release|Win32
		{86B6735A-21EE-463E-9AF1-722D9FC654B0}.Release|x86.Build.0 = Release|Win32
		{6146D9AF-099F-42C6-B00B-6F9BE1BE6CDB}.Debug|x64.ActiveCfg = Debug|x64
		{6146D9AF-099F-42C6-B00B-6F9BE1BE6CDB}.Debug|x64.Build.0 = Debug|x64
		{6146D9AF-099F-42C6-B00B-6F9BE1BE6CDB}.Debug|x86.ActiveCfg = Debug|Win32
		{6146D9AF-099F-42C6-B00B-6F9BE1BE6CDB}.Debug|x86.Build.0 = Debug|Win32
		{6146D9AF-099F-42C6-B00B-6F9BE1BE6CDB}.Release|x64.ActiveCfg = Release|x64
		{6146D9AF-099F-42C6-B00B-6F9BE1BE6CDB}.Release|x64.Build.0 = Release|x64
		{6146D9AF-099F-42C6-B00B-6F9BE1BE6CDB}.Release|x86.ActiveCfg = Release|Win32
		{6146D9AF-099F-42C6-B00B-6F9BE1BE6CDB}.Release|x86.Build.0 = Release|Win32
		{A9EC1647-9C96-47C1-9A53-493763D2B31C}.Debug|x64.ActiveCfg = Debug|x64
		{A9EC1647-9C96-47C1-9A53-493763D2B31C}.Debug|x64.Build.0 = Debug|x64
		{A9EC1647-9C96-47C1-9A53-493763D2B31C}.Debug|x86.ActiveCfg = Debug|Win32
		{A9EC1647-9C96-47C1-9A53-493763D2B31C}.Debug|x86.Build.0 = Debug|Win32
		{A9EC1647-9C96-47C1-9A53-493763D2B31C}.Release|x64.ActiveCfg = Release|x64
		{A9EC1647-9C96-47C1-9A53-493763D2B31C}.Release|x64.Build.0 = Release|x64
		{A9EC1647-9C96-47C1-9A53-493763D2B31C}.Release|x86.ActiveCfg = Release|Win32
		{A9EC1647-9C96-47C1-9A53-493763D2B31C}.Release|x86.Build.0 = Release|Win32
		{7054585A-78F3-49F7-9F02-C504C20E3A53}.Debug|x64.ActiveCfg = Debug|x64
		{7054585A-78F3-49F7-9F02-C504C20E3A53}.Debug|x64.Build.0 = Debug|x64
		{7054585A-78F3-49F7-9F02-C504C20E3A53}.Debug|x86.ActiveCfg = Debug|Win32
		{7054585A-78F3-49F7-9F02-C504C20E3A53}.Debug|x86.Build.0 = Debug|Win32
		{7054585A-78F3-49F7-9F02-C504C20E3A53}.Release|x64.ActiveCfg = Release|x64
		{7054585A-78F3-49F7-9F02-C504C20E3A53}.Release|x64.Build.0 = Release|x64
		{7054585A-78F3-49F7-9F02-C504C20E3A53}.Release|x86.ActiveCfg = Release|Win32
		{7054585A-78F3-49F7-9F02-C504C20E3A53}.Release|x86.Build.0 = Release|Win32
		{C85B4942-B42F-4F65-97C6-16DEE5961B9D}.Debug|x64.ActiveCfg = Debug|x64
		{C85B4942-B42F-4F65-97C6-16DEE5961B9D}.Debug|x64.Build.0 = Debug|x64
		{C85B4942-B42F-4F65-97C6-16DEE5961B9D}.Debug|x86.ActiveCfg = Debug|Win32
		{C85B4942-B42F-4F65-97C6-16DEE5961B9D}.Debug|x86.Build.0 = Debug|Win32
		{C85B4942-B42F-4F65-97C6-16DEE5961B9D}.Release|x64.ActiveCfg = Release|x64
		{C85B4942-B42F-4F65-97C6-16DEE5961B9D}.Release|x64.Build.0 = Release|x64
		{C85B4942-B42F-4F65-97C6-16DEE5961B9D}.Release|x86.ActiveCfg = Release|Win32
		{C85B4942-B42F-4F65-97C6-16DEE5961B9D}.Release|x86.Build.0 = Release|Win32
		{524F876E-D881-4852-A59B-081E99EEC36B}.Debug|x64.ActiveCfg = Debug|x64
		{524F876E-D881-4852-A59B-081E99EEC36B}.Debug|x64.Build.0 = Debug|x64
		{524F876E-D881-4852-A59B-081E99EEC36B}.Debug|x86.ActiveCfg = Debug|Win32
		{524F876E-D881-4852-A59B-081E99EEC36B}.Debug|x86.Build.0 = Debug|Win32
		{524F876E-D881-4852-A59B-081E99EEC36B}.Release|x64.ActiveCfg = Release|x64
		{524F876E-D881-4852-A59B-081E99EEC36B}.Release|x64.Build.0 = Release|x64
		{524F876E-D881-4852-A59B-081E99EEC36B}.Release|x86.ActiveCfg = Release|Win32
		{524F876E-D881-4852-A59B-081E99EEC36B}.Release|x86.Build.0 = Release|Win32
		{993049B1-8A6A-4924-A95F-E747EB90EF4E}.Debug|x64.ActiveCfg = Debug|x64
		{993049B1-8A6A-4924-A95F-E747EB90EF4E}.Debug|x64.Build.0 = Debug|x64
		{993049B1-8A6A-4924-A95F-E747EB90EF4E}.Debug|x86.ActiveCfg = Debug|Win32
		{993049B1-8A6A-4924-A95F-E747EB90EF4E}.Debug|x86.Build.0 = Debug|Win32
		{993049B1-8A6A-4924-A95F-E747EB90EF4E}.Release|x64.ActiveCfg = Release|x64
		{993049B1-8A6A-4924-A95F-E747EB90EF4E}.Release|x64.Build.0 = Release|x64
		{993049B1-8A6A-4924-A95F-E747EB90EF4E}.Release|x86.ActiveCfg = Release|Win32
		{993049B1-8A6A-4924-A95F-E747EB90EF4E}.Release|x86.Build.0 = Release|Win32
		{7F28C38E-C5A8-412A-B3EF-F7FD6A959925}.Debug|x64.ActiveCfg = Debug|x64
		{7F28C38E-C5A8-412A-B3EF-F7FD6A959925}.Debug|x64.Build.0 = Debug|x64
		{7F28C38E-C5A8-412A-B3EF-F7FD6A959925}.Debug|x86.ActiveCfg = Debug|Win32
		{7F28C38E-C5A8-412A-B3EF-F7FD6A959925}.Debug|x86.Build.0 = Debug|Win32
		{7F28C38E-C5A8-412A-B3EF-F7FD6A959925}.Release|x64.ActiveCfg = Release|x64
		{7F28C38E-C5A8-412A-B3EF-F7FD6A959925}.Release|x64.Build.0 = Release|x64
		{7F28C38E-C5A8-412A-B3EF-F7FD6A959925}.Release|x86.ActiveCfg = Release|Win32
		{7F28C38E-C5A8-412A-B3EF-F7FD6A959925}.Release|x86.Build.0 = Release|Win32
		{A4868749-8BA6-4391-8BEB-EBC8E2020FF6}.Debug|x64.ActiveCfg = Debug|x64
		{A4868749-8BA6-4391-8BEB-EBC8E2020FF6}.Debug|x64.Build.0 = Debug|x64
		{A4868749-8BA6-4391-8BEB-EBC8E2020FF6}.Debug|x86.ActiveCfg = Debug|Win32
		{A4868749-8BA6-4391-8BEB-EBC8E2020FF6}.Debug|x86.Build.0 = Debug|Win32
		{A4868749-8BA6-4391-8BEB-EBC8E2020FF6}.Release|x64.ActiveCfg = Release|x64
		{A4868749-8BA6-4391-8BEB-EBC8E2020FF6}.Release|x64.Build.0 = Release|x64
		{A4868749-8BA6-4391-8BEB-EBC8E2020FF6}.Release|x86.ActiveCfg = Release|Win32
		{A4868749-8BA6-4391-8BEB-EBC8E2020FF6}.Release|x86.Build.0 = Release|Win32
		{A8C613B6-DB25-4AA9-91AD-199C35C5D22A}.Debug|x64.ActiveCfg = Debug|x64
		{A8C613B6-DB25-4AA9-91AD-199C35C5D22A}.Debug|x64.Build.0 = Debug|x64
		{A8C613B6-DB25-4AA9-91AD-199C35C5D22A}.Debug|x86.ActiveCfg = Debug|Win32
		{A8C613B6-DB25-4AA9-91AD-199C35C5D22A}.Debug|x86.Build.0 = Debug|Win32
		{A8C613B6-DB25-4AA9-91AD-199C35C5D22A}.Release|x64.ActiveCfg = Release|x64
		{A8C613B6-DB25-4AA9-91AD-199C35C5D22A}.Release|x64.Build.0 = Release|x64
		{A8C613B6-DB25-4AA9-91AD-199C35C5D22A}.Release|x86.ActiveCfg = Release|Win32
		{A8C613B6-DB25-4AA9-91AD-199C35C5D22A}.Release|x86.Build.0 = Release|Win32
		{96E35913-268E-4991-970C-D39761440B58}.Debug|x64.ActiveCfg = Debug|x64
		{96E35913-268E-4991-970C-D39761440B58}.Debug|x64.Build.0 = Debug|x64
		{96E35913-268E-4991-970C-D39761440B58}.Debug|x86.ActiveCfg = Debug|Win32
		{96E35913-268E-4991-970C-D39761440B58}.Debug|x86.Build.0 = Debug|Win32
		{96E35913-268E-4991-970C-D39761440B58}.Release|x64.ActiveCfg = Release|x64
		{96E35913-268E-4991-970C-D39761440B58}.Release|x64.Build.0 = Release|x64
		{96E35913-268E-4991-970C-D39761440B58}.Release|x86.ActiveCfg = Release|Win32
		{96E35913-268E-4991-970C-D39761440B58}.Release|x86.Build.0 = Release|Win32
		{38E31F86-956C-4C07-8EFA-F16D294C8253}.Debug|x64.ActiveCfg = Debug|x64
		{38E31F86-956C-4C07-8EFA-F16D294C8253}.Debug|x64.Build.0 = Debug|x64
		{38E31F86-956C-4C07-8EFA-F16D294C8253}.Debug|x86.ActiveCfg = Debug|Win32
		{38E31F86-956C-4C07-8EFA-F16D294C8253}.Debug|x86.Build.0 = Debug|Win32
		{38E31F86-956C-4C07-8EFA-F16D294C8253}.Release|x64.ActiveCfg = Release|x64
		{38E31F86-956C-4C07-8EFA-F16D294C8253}.Release|x64.Build.0 = Release|x64
		{38E31F86-956C-4C07-8EFA-F16D294C8253}.Release|x86.ActiveCfg = Release|Win32
		{38E31F86-956C-4C07-8EFA-F16D294C8253}.Release|x86.Build.0 = Release|Win32
		{3F26FB12-5D5D-4EEF-B133-0B3AF2202C97}.Debug|x64.ActiveCfg = Debug|x64
		{3F26FB12-5D5D-4EEF-B133-0B3AF2202C97}.Debug|x64.Build.0 = Debug|x64
		{3F26FB12-5D5D-4EEF-B133-0B3AF2202C97}.Debug|x86.ActiveCfg = Debug|Win32
		{3F26FB12-5D5D-4EEF-B133-0B3AF2202C97}.Debug|x86.Build.0 = Debug|Win32
		{3F26FB12-5D5D-4EEF-B133-0B3AF2202C97}.Release|x64.ActiveCfg = Release|x64
		{3F26FB12-5D5D-4EEF-B133-0B3AF2202C97}.Release|x64.Build.0 = Release|x64
		{3F26FB12-5D5D-4EEF-B133-0B3AF2202C97}.Release|x86.ActiveCfg = Release|Win32
		{3F26FB12-5D5D-4EEF-B133-0B3AF2202C97}.Release|x86.Build.0 = Release|Win32
		{54EDBC11-23C4-443F-85A3-66C9D843E909}.Debug|x64.ActiveCfg = Debug|x64
		{54EDBC11-23C4-443F-85A3-66C9D843E909}.Debug|x64.Build.0 = Debug|x64
		{54EDBC11-23C4-443F-85A3-66C9D843E909}.Debug|x86.ActiveCfg = Debug|Win32
		{54EDBC11-23C4-443F-85A3-66C9D843E909}.Debug|x86.Build.0 = Debug|Win32
		{54EDBC11-23C4-443F-85A3-66C9D843E909}.Release|x64.ActiveCfg = Release|x64
		{54EDBC11-23C4-443F-85A3-66C9D843E909}.Release|x64.Build.0 = Release|x64
		{54EDBC11-23C4-443F-85A3-66C9D843E909}.Release|x86.ActiveCfg = Release|Win32
		{54EDBC11-23C4-443F-85A3-66C9D843E909}.Release|x86.Build.0 = Release|Win32
		{103FD54C-2ABA-4039-BFFC-914B45DBA9F0}.Debug|x64.ActiveCfg = Debug|x64
		{103FD54C-2ABA-4039-BFFC-914B45DBA9F0}.Debug|x64.Build.0 = Debug|x64
		{103FD54C-2ABA-4039-BFFC-914B45DBA9F0}.Debug|x86.ActiveCfg = Debug|Win32
		{103FD54C-2ABA-4039-BFFC-914B45DBA9F0}.Debug|x86.Build.0 = Debug|Win32
		{103FD54C-2ABA-4039-BFFC-914B45DBA9F0}.Release|x64.ActiveCfg = Release|x64
		{103FD54C-2ABA-4039-BFFC-914B45DBA9F0}.Release|x64.Build.0 = Release|x64
		{103FD54C-2ABA-4039-BFFC-914B45DBA9F0}.Release|x86.ActiveCfg = Release|Win32
		{103FD54C-2ABA-4039-BFFC-914B45DBA9F0}.Release|x86.Build.0 = Release|Win32
		{6F894A75-B216-44A0-80B8-69651DAA2604}.Debug|x64.ActiveCfg = Debug|x64
		{6F894A75-B216-44A0-80B8-69651DAA2604}.Debug|x64.Build.0 = Debug|x64
		{6F894A75-B216-44A0-80B8-69651DAA2604}.Debug|x86.ActiveCfg = Debug|Win32
		{6F894A75-B216-44A0-80B8-69651DAA2604}.Debug|x86.Build.0 = Debug|Win32
		{6F894A75-B216-44A0-80B8-69651DAA2604}.Release|x64.ActiveCfg = Release|x64
		{6F894A75-B216-44A0-80B8-69651DAA2604}.Release|x64.Build.0 = Release|x64
		{6F894A75-B216-44A0-80B8-69651DAA2604}.Release|x86.ActiveCfg = Release|Win32
		{6F894A75-B216-44A0-80B8-69651DAA2604}.Release|x86.Build.0 = Release|Win32
		{753AD29E-11A2-472B-B0F9-DFD4EEDAFBC0}.Debug|x64.ActiveCfg = Debug|x64
		{753AD29E-11A2-472B-B0F9-DFD4EEDAFBC0}.Debug|x64.Build.0 = Debug|x64
		{753AD29E-11A2-472B-B0F9-DFD4EEDAFBC0}.Debug|x86.ActiveCfg = Debug|Win32
		{753AD29E-11A2-472B-B0F9-DFD4EEDAFBC0}.Debug|x86.Build.0 = Debug|Win32
		{753AD29E-11A2-472B-B0F9-DFD4EEDAFBC0}.Release|x64.ActiveCfg = Release|x64
		{753AD29E-11A2-472B-B0F9-DFD4EEDAFBC0}.Release|x64.Build.0 = Release|x64
		{753AD29E-11A2-472B-B0F9-DFD4EEDAFBC0}.Release|x86.ActiveCfg = Release|Win32
		{753AD29E-11A2-472B-B0F9-DFD4EEDAFBC0}.Release|x86.Build.0 = Release|Win32
		{6FEC81B5-687B-461C-AD9E-4C5454CA7958}.Debug|x64.ActiveCfg = Debug|x64
		{6FEC81B5-687B-461C-AD9E-4C5454CA7958}.Debug|x64.Build.0 = Debug|x64
		{6FEC81B5-687B-461C-AD9E-4C5454CA7958}.Debug|x86.ActiveCfg = Debug|Win32
		{6FEC81B5-687B-461C-AD9E-4C5454CA7958}.Debug|x86.Build.0 = Debug|Win32
		{6FEC81B5-687B-461C-AD9E-4C5454CA7958}.Release|x64.ActiveCfg = Release|x64
		{6FEC81B5-687B-461C-AD9E-4C5454CA7958}.Release|x64.Build.0 = Release|x64
		{6FEC81B5-687B-461C-AD9E-4C5454CA7958}.Release|x86.ActiveCfg = Release|Win32
		{6FEC81B5-687B-461C-AD9E-4C5454CA7958}.Release|x86.Build.0 = Release|Win32
		{A2D97EA2-6EA5-41FE-A0C3-F2779B2D5E9D}.Debug|x64.ActiveCfg = Debug|x64
		{A2D97EA2-6EA5-41FE-A0C3-F2779B2D5E9D}.Debug|x64.Build.0 = Debug|x64
		{A2D97EA2-6EA5-41FE-A0C3-F2779B2D5E9D}.Debug|x86.ActiveCfg = Debug|Win32
		{A2D97EA2-6EA5-41FE-A0C3-F2779B2D5E9D}.Debug|x86.Build.0 = Debug|Win32
		{A2D97EA2-6EA5-41FE-A0C3-F2779B2D5E9D}.Release|x64.ActiveCfg = Release|x64
		{A2D97EA2-6EA5-41FE-A0C3-F2779B2D5E9D}.Release|x64.Build.0 = Release|x64
		{A2D97EA2-6EA5-41FE-A0C3-F2779B2D5E9D}.Release|x86.ActiveCfg = Release|Win32
		{A2D97EA2-6EA5-41FE-A0C3-F2779B2D5E9D}.Release|x86.Build.0 = Release|Win32
		{BEC482A2-805D-4FA1-82C3-A975B4A1711B}.Debug|x64.ActiveCfg = Debug|x64
		{BEC482A2-805D-4FA1-82C3-A975B4A1711B}.Debug|x64.Build.0 = Debug|x64
		{BEC482A2-805D-4FA1-82C3-A975B4A1711B}.Debug|x86.ActiveCfg = Debug|Win32
		{BEC482A2-805D-4FA1-82C3-A975B4A1711B}.Debug|x86.Build.0 = Debug|Win32
		{BEC482A2-805D-4FA1-82C3-A975B4A1711B}.Release|x64.ActiveCfg = Release|x64
		{BEC482A2-805D-4FA1-82C3-A975B4A1711B}.Release|x64.Build.0 = Release|x64
		{BEC482A2-805D-4FA1-82C3-A975B4A1711B}.Release|x86.ActiveCfg = Release|Win32
		{BEC482A2-805D-4FA1-82C3-A975B4A1711B}.Release|x86.Build.0 = Release|Win32
		{8B1E48BF-719D-4348-845A-EBD2C8D6C7A6}.Debug|x64.ActiveCfg = Debug|x64
		{8B1E48BF-719D-4348-845A-EBD2C8D6C7A6}.Debug|x64.Build.0 = Debug|x64
		{8B1E48BF-719D-4348-845A-EBD2C8D6C7A6}.Debug|x86.ActiveCfg = Debug|Win32
		{8B1E48BF-719D-4348-845A-EBD2C8D6C7A6}.Debug|x86.Build.0 = Debug|Win32
		{8B1E48BF-719D-4348-845A-EBD2C8D6C7A6}.Release|x64.ActiveCfg = Release|x64
		{8B1E48BF-719D-4348-845A-EBD2C8D6C7A6}.Release|x64.Build.0 = Release|x64
		{8B1E48BF-719D-4348-845A-EBD2C8D6C7A6}.Release|x86.ActiveCfg = Release|Win32
		{8B1E48BF-719D-4348-845A-EBD2C8D6C7A6}.Release|x86.Build.0 = Release|Win32
		{8F6B3E08-91EE-493F-AAB5-6C97AD650346}.Debug|x64.ActiveCfg = Debug|x64
		{8F6B3E08-91EE-493F-AAB5-6C97AD650346}.Debug|x64.Build.0 = Debug|x64
		{8F6B3E08-91EE-493F-AAB5-6C97AD650346}.Debug|x86.ActiveCfg = Debug|Win32
		{8F6B3E08-91EE-493F-AAB5-6C97AD650346}.Debug|x86.Build.0 = Debug|Win32
		{8F6B3E08-91EE-493F-AAB5-6C97AD650346}.Release|x64.ActiveCfg = Release|x64
		{8F6B3E08-91EE-493F-AAB5-6C97AD650346}.Release|x64.Build.0 = Release|x64
		{8F6B3E08-91EE-493F-AAB5-6C97AD650346}.Release|x86.ActiveCfg = Release|Win32
		{8F6B3E08-91EE-493F-AAB5-6C97AD650346}.Release|x86.Build.0 = Release|Win32
		{73AA30DA-0843-4A89-B42A-914F09E4C5B8}.Debug|x64.ActiveCfg = Debug|x64
		{73AA30DA-0843-4A89-B42A-914F09E4C5B8}.Debug|x64.Build.0 = Debug|x64
		{73AA30DA-0843-4A89-B42A-914F09E4C5B8}.Debug|x86.ActiveCfg = Debug|Win32
		{73AA30DA-0843-4A89-B42A-914F09E4C5B8}.Debug|x86.Build.0 = Debug|Win32
		{73AA30DA-0843-4A89-B42A-914F09E4C5B8}.Release|x64.ActiveCfg = Release|x64
		{73AA30DA-0843-4A89-B42A-914F09E4C5B8}.Release|x64.Build.0 = Release|x64
		{73AA30DA-0843-4A89-B42A-914F09E4C5B8}.Release|x86.ActiveCfg = Release|Win32
		{73AA30DA-0843-4A89-B42A-914F09E4C5B8}.Release|x86.Build.0 = Release|Win32
		{85EBED6A-2CE3-42E8-AFE6-B891511A8331}.Debug|x64.ActiveCfg = Debug|x64
		{85EBED6A-2CE3-42E8-AFE6-B891511A8331}.Debug|x64.Build.0 = Debug|x64
		{85EBED6A-2CE3-42E8-AFE6-B891511A8331}.Debug|x86.ActiveCfg = Debug|Win32
		{85EBED6A-2CE3-42E8-AFE6-B891511A8331}.Debug|x86.Build.0 = Debug|Win32
		{85EBED6A-2CE3-42E8-AFE6-B891511A8331}.Release|x64.ActiveCfg = Release|x64
		{85EBED6A-2CE3-42E8-AFE6-B891511A8331}.Release|x64.Build.0 = Release|x64
		{85EBED6A-2CE3-42E8-AFE6-B891511A8331}.Release|x86.ActiveCfg = Release|Win32
		{85EBED6A-2CE3-42E8-AFE6-B891511A8331}.Release|x86.Build.0 = Release|Win32
		{618A823B-20F7-49EB-B2CD-759456399638}.Debug|x64.ActiveCfg = Debug|x64
		{618A823B-20F7-49EB-B2CD-759456399638}.Debug|x64.Build.0 = Debug|x64
		{618A823B-20F7-49EB-B2CD-759456399638}.Debug|x86.ActiveCfg = Debug|Win32
		{618A823B-20F7-49EB-B2CD-759456399638}.Debug|x86.Build.0 = Debug|Win32
		{618A823B-20F7-49EB-B2CD-759456399638}.Release|x64.ActiveCfg = Release|x64
		{618A823B-20F7-49EB-B2CD-759456399638}.Release|x64.Build.0 = Release|x64
		{618A823B-20F7-49EB-B2CD-759456399638}.Release|x86.ActiveCfg = Release|Win32
		{618A823B-20F7-49EB-B2CD-759456399638}.Release|x86.Build.0 = Release|Win32
	EndGlobalSection
	GlobalSection(SolutionProperties) = preSolution
		HideSolutionNode = FALSE
	EndGlobalSection
	GlobalSection(ExtensibilityGlobals) = postSolution
		SolutionGuid = {7E9EC0C9-24E5-4C82-A948-6896A2969277}
	EndGlobalSection
EndGlobal
